{
  "name": "swgestcom",
  "version": "0.1.0",
  "lockfileVersion": 1,
  "requires": true,
  "dependencies": {
    "dblite": {
      "version": "1.0.1",
      "resolved": "https://registry.npmjs.org/dblite/-/dblite-1.0.1.tgz",
      "integrity": "sha512-oWddQSzuB+neL/PzWHIpekYAMUCf/Hihcia/HdAJsL/0y4aupsiywazhluD7uQEbNBKR4UVeJ/BBTXBKZ6cKyQ=="
    }
  }
}
